{"enums":{"Operation":[{"name":"Unknown","nb":0},{"name":"Sqrt","nb":1},{"name":"Exp","nb":2}]},"messages":{"oracle::MathRequest":[{"name":"operation","ty":{"enum":"oracle::Operation"}},{"name":"operands","ty":{"array":{"primitive":"i64"}}}],"oracle::MathResponse":[{"name":"result","ty":{"primitive":"i64"}}]},"services":{"MathOracle":{"calculate":{"input":{"message":"oracle::MathRequest"},"output":{"message":"oracle::MathResponse"}}}}}